// !$*UTF8*$!
{
	archiveVersion = 1;
	classes = {
	};
	objectVersion = 46;
	objects = {

/* Begin PBXBuildFile section */
		3F9B5FB11EE009D700469257 /* main.m in Sources */ = {isa = PBXBuildFile; fileRef = 3F9B5FB01EE009D700469257 /* main.m */; };
		3F9B5FBC1EE009D700469257 /* Assets.xcassets in Resources */ = {isa = PBXBuildFile; fileRef = 3F9B5FBB1EE009D700469257 /* Assets.xcassets */; };
		3F9B5FBF1EE009D700469257 /* LaunchScreen.storyboard in Resources */ = {isa = PBXBuildFile; fileRef = 3F9B5FBD1EE009D700469257 /* LaunchScreen.storyboard */; };
		3F9B5FCF1EE00B0200469257 /* AppDelegate.m in Sources */ = {isa = PBXBuildFile; fileRef = 3F9B5FC91EE00B0200469257 /* AppDelegate.m */; };
		3F9B5FD01EE00B0200469257 /* ViewController.m in Sources */ = {isa = PBXBuildFile; fileRef = 3F9B5FCB1EE00B0200469257 /* ViewController.m */; };
		3F9B5FD81EE00B2B00469257 /* seats 0.plist in Resources */ = {isa = PBXBuildFile; fileRef = 3F9B5FD31EE00B2B00469257 /* seats 0.plist */; };
		3F9B5FD91EE00B2B00469257 /* seats 1.plist in Resources */ = {isa = PBXBuildFile; fileRef = 3F9B5FD41EE00B2B00469257 /* seats 1.plist */; };
		3F9B5FDA1EE00B2B00469257 /* seats 2.plist in Resources */ = {isa = PBXBuildFile; fileRef = 3F9B5FD51EE00B2B00469257 /* seats 2.plist */; };
		3F9B5FDB1EE00B2B00469257 /* seats 3.plist in Resources */ = {isa = PBXBuildFile; fileRef = 3F9B5FD61EE00B2B00469257 /* seats 3.plist */; };
		3F9B5FDC1EE00B2B00469257 /* seats 4.plist in Resources */ = {isa = PBXBuildFile; fileRef = 3F9B5FD71EE00B2B00469257 /* seats 4.plist */; };
		3F9B5FF41EE00B4800469257 /* Info.plist in Resources */ = {isa = PBXBuildFile; fileRef = 3F9B5FDE1EE00B4800469257 /* Info.plist */; };
		3F9B5FF51EE00B4800469257 /* MJExtensionConst.m in Sources */ = {isa = PBXBuildFile; fileRef = 3F9B5FE11EE00B4800469257 /* MJExtensionConst.m */; };
		3F9B5FF61EE00B4800469257 /* MJFoundation.m in Sources */ = {isa = PBXBuildFile; fileRef = 3F9B5FE31EE00B4800469257 /* MJFoundation.m */; };
		3F9B5FF71EE00B4800469257 /* MJProperty.m in Sources */ = {isa = PBXBuildFile; fileRef = 3F9B5FE51EE00B4800469257 /* MJProperty.m */; };
		3F9B5FF81EE00B4800469257 /* MJPropertyKey.m in Sources */ = {isa = PBXBuildFile; fileRef = 3F9B5FE71EE00B4800469257 /* MJPropertyKey.m */; };
		3F9B5FF91EE00B4800469257 /* MJPropertyType.m in Sources */ = {isa = PBXBuildFile; fileRef = 3F9B5FE91EE00B4800469257 /* MJPropertyType.m */; };
		3F9B5FFA1EE00B4800469257 /* NSObject+MJClass.m in Sources */ = {isa = PBXBuildFile; fileRef = 3F9B5FEB1EE00B4800469257 /* NSObject+MJClass.m */; };
		3F9B5FFB1EE00B4800469257 /* NSObject+MJCoding.m in Sources */ = {isa = PBXBuildFile; fileRef = 3F9B5FED1EE00B4800469257 /* NSObject+MJCoding.m */; };
		3F9B5FFC1EE00B4800469257 /* NSObject+MJKeyValue.m in Sources */ = {isa = PBXBuildFile; fileRef = 3F9B5FEF1EE00B4800469257 /* NSObject+MJKeyValue.m */; };
		3F9B5FFD1EE00B4800469257 /* NSObject+MJProperty.m in Sources */ = {isa = PBXBuildFile; fileRef = 3F9B5FF11EE00B4800469257 /* NSObject+MJProperty.m */; };
		3F9B5FFE1EE00B4800469257 /* NSString+MJExtension.m in Sources */ = {isa = PBXBuildFile; fileRef = 3F9B5FF31EE00B4800469257 /* NSString+MJExtension.m */; };
		3F9B60021EE00B7D00469257 /* MBProgressHUD.m in Sources */ = {isa = PBXBuildFile; fileRef = 3F9B60011EE00B7D00469257 /* MBProgressHUD.m */; };
		3F9B60081EE00D9900469257 /* YCSeatViewController.m in Sources */ = {isa = PBXBuildFile; fileRef = 3F9B60071EE00D9900469257 /* YCSeatViewController.m */; };
		3F9B600B1EE00F4000469257 /* YCSeatModel.m in Sources */ = {isa = PBXBuildFile; fileRef = 3F9B600A1EE00F4000469257 /* YCSeatModel.m */; };
		3F9B600E1EE00F5B00469257 /* YCSeatsModel.m in Sources */ = {isa = PBXBuildFile; fileRef = 3F9B600D1EE00F5B00469257 /* YCSeatsModel.m */; };
		3F9B60111EE00FB700469257 /* UIView+Extension.m in Sources */ = {isa = PBXBuildFile; fileRef = 3F9B60101EE00FB700469257 /* UIView+Extension.m */; };
		3F9B60141EE0113D00469257 /* YCSeatSelectionView.m in Sources */ = {isa = PBXBuildFile; fileRef = 3F9B60131EE0113D00469257 /* YCSeatSelectionView.m */; };
		3F9B60171EE0116F00469257 /* YCSeatView.m in Sources */ = {isa = PBXBuildFile; fileRef = 3F9B60161EE0116F00469257 /* YCSeatView.m */; };
		3F9B601A1EE1144F00469257 /* YCAppLogoView.m in Sources */ = {isa = PBXBuildFile; fileRef = 3F9B60191EE1144F00469257 /* YCAppLogoView.m */; };
		3F9B601D1EE13D4E00469257 /* YCSeatButton.m in Sources */ = {isa = PBXBuildFile; fileRef = 3F9B601C1EE13D4E00469257 /* YCSeatButton.m */; };
/* End PBXBuildFile section */

/* Begin PBXFileReference section */
		3F9B5FAC1EE009D700469257 /* Seat.app */ = {isa = PBXFileReference; explicitFileType = wrapper.application; includeInIndex = 0; path = Seat.app; sourceTree = BUILT_PRODUCTS_DIR; };
		3F9B5FB01EE009D700469257 /* main.m */ = {isa = PBXFileReference; lastKnownFileType = sourcecode.c.objc; path = main.m; sourceTree = "<group>"; };
		3F9B5FBB1EE009D700469257 /* Assets.xcassets */ = {isa = PBXFileReference; lastKnownFileType = folder.assetcatalog; path = Assets.xcassets; sourceTree = "<group>"; };
		3F9B5FBE1EE009D700469257 /* Base */ = {isa = PBXFileReference; lastKnownFileType = file.storyboard; name = Base; path = Base.lproj/LaunchScreen.storyboard; sourceTree = "<group>"; };
		3F9B5FC01EE009D700469257 /* Info.plist */ = {isa = PBXFileReference; lastKnownFileType = text.plist.xml; path = Info.plist; sourceTree = "<group>"; };
		3F9B5FC81EE00B0200469257 /* AppDelegate.h */ = {isa = PBXFileReference; fileEncoding = 4; lastKnownFileType = sourcecode.c.h; path = AppDelegate.h; sourceTree = "<group>"; };
		3F9B5FC91EE00B0200469257 /* AppDelegate.m */ = {isa = PBXFileReference; fileEncoding = 4; lastKnownFileType = sourcecode.c.objc; path = AppDelegate.m; sourceTree = "<group>"; };
		3F9B5FCA1EE00B0200469257 /* ViewController.h */ = {isa = PBXFileReference; fileEncoding = 4; lastKnownFileType = sourcecode.c.h; path = ViewController.h; sourceTree = "<group>"; };
		3F9B5FCB1EE00B0200469257 /* ViewController.m */ = {isa = PBXFileReference; fileEncoding = 4; lastKnownFileType = sourcecode.c.objc; path = ViewController.m; sourceTree = "<group>"; };
		3F9B5FD31EE00B2B00469257 /* seats 0.plist */ = {isa = PBXFileReference; fileEncoding = 4; lastKnownFileType = text.plist.xml; path = "seats 0.plist"; sourceTree = "<group>"; };
		3F9B5FD41EE00B2B00469257 /* seats 1.plist */ = {isa = PBXFileReference; fileEncoding = 4; lastKnownFileType = text.plist.xml; path = "seats 1.plist"; sourceTree = "<group>"; };
		3F9B5FD51EE00B2B00469257 /* seats 2.plist */ = {isa = PBXFileReference; fileEncoding = 4; lastKnownFileType = text.plist.xml; path = "seats 2.plist"; sourceTree = "<group>"; };
		3F9B5FD61EE00B2B00469257 /* seats 3.plist */ = {isa = PBXFileReference; fileEncoding = 4; lastKnownFileType = text.plist.xml; path = "seats 3.plist"; sourceTree = "<group>"; };
		3F9B5FD71EE00B2B00469257 /* seats 4.plist */ = {isa = PBXFileReference; fileEncoding = 4; lastKnownFileType = text.plist.xml; path = "seats 4.plist"; sourceTree = "<group>"; };
		3F9B5FDE1EE00B4800469257 /* Info.plist */ = {isa = PBXFileReference; fileEncoding = 4; lastKnownFileType = text.plist.xml; path = Info.plist; sourceTree = "<group>"; };
		3F9B5FDF1EE00B4800469257 /* MJExtension.h */ = {isa = PBXFileReference; fileEncoding = 4; lastKnownFileType = sourcecode.c.h; path = MJExtension.h; sourceTree = "<group>"; };
		3F9B5FE01EE00B4800469257 /* MJExtensionConst.h */ = {isa = PBXFileReference; fileEncoding = 4; lastKnownFileType = sourcecode.c.h; path = MJExtensionConst.h; sourceTree = "<group>"; };
		3F9B5FE11EE00B4800469257 /* MJExtensionConst.m */ = {isa = PBXFileReference; fileEncoding = 4; lastKnownFileType = sourcecode.c.objc; path = MJExtensionConst.m; sourceTree = "<group>"; };
		3F9B5FE21EE00B4800469257 /* MJFoundation.h */ = {isa = PBXFileReference; fileEncoding = 4; lastKnownFileType = sourcecode.c.h; path = MJFoundation.h; sourceTree = "<group>"; };
		3F9B5FE31EE00B4800469257 /* MJFoundation.m */ = {isa = PBXFileReference; fileEncoding = 4; lastKnownFileType = sourcecode.c.objc; path = MJFoundation.m; sourceTree = "<group>"; };
		3F9B5FE41EE00B4800469257 /* MJProperty.h */ = {isa = PBXFileReference; fileEncoding = 4; lastKnownFileType = sourcecode.c.h; path = MJProperty.h; sourceTree = "<group>"; };
		3F9B5FE51EE00B4800469257 /* MJProperty.m */ = {isa = PBXFileReference; fileEncoding = 4; lastKnownFileType = sourcecode.c.objc; path = MJProperty.m; sourceTree = "<group>"; };
		3F9B5FE61EE00B4800469257 /* MJPropertyKey.h */ = {isa = PBXFileReference; fileEncoding = 4; lastKnownFileType = sourcecode.c.h; path = MJPropertyKey.h; sourceTree = "<group>"; };
		3F9B5FE71EE00B4800469257 /* MJPropertyKey.m */ = {isa = PBXFileReference; fileEncoding = 4; lastKnownFileType = sourcecode.c.objc; path = MJPropertyKey.m; sourceTree = "<group>"; };
		3F9B5FE81EE00B4800469257 /* MJPropertyType.h */ = {isa = PBXFileReference; fileEncoding = 4; lastKnownFileType = sourcecode.c.h; path = MJPropertyType.h; sourceTree = "<group>"; };
		3F9B5FE91EE00B4800469257 /* MJPropertyType.m */ = {isa = PBXFileReference; fileEncoding = 4; lastKnownFileType = sourcecode.c.objc; path = MJPropertyType.m; sourceTree = "<group>"; };
		3F9B5FEA1EE00B4800469257 /* NSObject+MJClass.h */ = {isa = PBXFileReference; fileEncoding = 4; lastKnownFileType = sourcecode.c.h; path = "NSObject+MJClass.h"; sourceTree = "<group>"; };
		3F9B5FEB1EE00B4800469257 /* NSObject+MJClass.m */ = {isa = PBXFileReference; fileEncoding = 4; lastKnownFileType = sourcecode.c.objc; path = "NSObject+MJClass.m"; sourceTree = "<group>"; };
		3F9B5FEC1EE00B4800469257 /* NSObject+MJCoding.h */ = {isa = PBXFileReference; fileEncoding = 4; lastKnownFileType = sourcecode.c.h; path = "NSObject+MJCoding.h"; sourceTree = "<group>"; };
		3F9B5FED1EE00B4800469257 /* NSObject+MJCoding.m */ = {isa = PBXFileReference; fileEncoding = 4; lastKnownFileType = sourcecode.c.objc; path = "NSObject+MJCoding.m"; sourceTree = "<group>"; };
		3F9B5FEE1EE00B4800469257 /* NSObject+MJKeyValue.h */ = {isa = PBXFileReference; fileEncoding = 4; lastKnownFileType = sourcecode.c.h; path = "NSObject+MJKeyValue.h"; sourceTree = "<group>"; };
		3F9B5FEF1EE00B4800469257 /* NSObject+MJKeyValue.m */ = {isa = PBXFileReference; fileEncoding = 4; lastKnownFileType = sourcecode.c.objc; path = "NSObject+MJKeyValue.m"; sourceTree = "<group>"; };
		3F9B5FF01EE00B4800469257 /* NSObject+MJProperty.h */ = {isa = PBXFileReference; fileEncoding = 4; lastKnownFileType = sourcecode.c.h; path = "NSObject+MJProperty.h"; sourceTree = "<group>"; };
		3F9B5FF11EE00B4800469257 /* NSObject+MJProperty.m */ = {isa = PBXFileReference; fileEncoding = 4; lastKnownFileType = sourcecode.c.objc; path = "NSObject+MJProperty.m"; sourceTree = "<group>"; };
		3F9B5FF21EE00B4800469257 /* NSString+MJExtension.h */ = {isa = PBXFileReference; fileEncoding = 4; lastKnownFileType = sourcecode.c.h; path = "NSString+MJExtension.h"; sourceTree = "<group>"; };
		3F9B5FF31EE00B4800469257 /* NSString+MJExtension.m */ = {isa = PBXFileReference; fileEncoding = 4; lastKnownFileType = sourcecode.c.objc; path = "NSString+MJExtension.m"; sourceTree = "<group>"; };
		3F9B60001EE00B7D00469257 /* MBProgressHUD.h */ = {isa = PBXFileReference; fileEncoding = 4; lastKnownFileType = sourcecode.c.h; path = MBProgressHUD.h; sourceTree = "<group>"; };
		3F9B60011EE00B7D00469257 /* MBProgressHUD.m */ = {isa = PBXFileReference; fileEncoding = 4; lastKnownFileType = sourcecode.c.objc; path = MBProgressHUD.m; sourceTree = "<group>"; };
		3F9B60061EE00D9900469257 /* YCSeatViewController.h */ = {isa = PBXFileReference; fileEncoding = 4; lastKnownFileType = sourcecode.c.h; path = YCSeatViewController.h; sourceTree = "<group>"; };
		3F9B60071EE00D9900469257 /* YCSeatViewController.m */ = {isa = PBXFileReference; fileEncoding = 4; lastKnownFileType = sourcecode.c.objc; path = YCSeatViewController.m; sourceTree = "<group>"; };
		3F9B60091EE00F4000469257 /* YCSeatModel.h */ = {isa = PBXFileReference; fileEncoding = 4; lastKnownFileType = sourcecode.c.h; path = YCSeatModel.h; sourceTree = "<group>"; };
		3F9B600A1EE00F4000469257 /* YCSeatModel.m */ = {isa = PBXFileReference; fileEncoding = 4; lastKnownFileType = sourcecode.c.objc; path = YCSeatModel.m; sourceTree = "<group>"; };
		3F9B600C1EE00F5B00469257 /* YCSeatsModel.h */ = {isa = PBXFileReference; fileEncoding = 4; lastKnownFileType = sourcecode.c.h; path = YCSeatsModel.h; sourceTree = "<group>"; };
		3F9B600D1EE00F5B00469257 /* YCSeatsModel.m */ = {isa = PBXFileReference; fileEncoding = 4; lastKnownFileType = sourcecode.c.objc; path = YCSeatsModel.m; sourceTree = "<group>"; };
		3F9B600F1EE00FB700469257 /* UIView+Extension.h */ = {isa = PBXFileReference; fileEncoding = 4; lastKnownFileType = sourcecode.c.h; path = "UIView+Extension.h"; sourceTree = "<group>"; };
		3F9B60101EE00FB700469257 /* UIView+Extension.m */ = {isa = PBXFileReference; fileEncoding = 4; lastKnownFileType = sourcecode.c.objc; path = "UIView+Extension.m"; sourceTree = "<group>"; };
		3F9B60121EE0113D00469257 /* YCSeatSelectionView.h */ = {isa = PBXFileReference; fileEncoding = 4; lastKnownFileType = sourcecode.c.h; path = YCSeatSelectionView.h; sourceTree = "<group>"; };
		3F9B60131EE0113D00469257 /* YCSeatSelectionView.m */ = {isa = PBXFileReference; fileEncoding = 4; lastKnownFileType = sourcecode.c.objc; path = YCSeatSelectionView.m; sourceTree = "<group>"; };
		3F9B60151EE0116F00469257 /* YCSeatView.h */ = {isa = PBXFileReference; fileEncoding = 4; lastKnownFileType = sourcecode.c.h; path = YCSeatView.h; sourceTree = "<group>"; };
		3F9B60161EE0116F00469257 /* YCSeatView.m */ = {isa = PBXFileReference; fileEncoding = 4; lastKnownFileType = sourcecode.c.objc; path = YCSeatView.m; sourceTree = "<group>"; };
		3F9B60181EE1144F00469257 /* YCAppLogoView.h */ = {isa = PBXFileReference; fileEncoding = 4; lastKnownFileType = sourcecode.c.h; path = YCAppLogoView.h; sourceTree = "<group>"; };
		3F9B60191EE1144F00469257 /* YCAppLogoView.m */ = {isa = PBXFileReference; fileEncoding = 4; lastKnownFileType = sourcecode.c.objc; path = YCAppLogoView.m; sourceTree = "<group>"; };
		3F9B601B1EE13D4E00469257 /* YCSeatButton.h */ = {isa = PBXFileReference; fileEncoding = 4; lastKnownFileType = sourcecode.c.h; path = YCSeatButton.h; sourceTree = "<group>"; };
		3F9B601C1EE13D4E00469257 /* YCSeatButton.m */ = {isa = PBXFileReference; fileEncoding = 4; lastKnownFileType = sourcecode.c.objc; path = YCSeatButton.m; sourceTree = "<group>"; };
/* End PBXFileReference section */

/* Begin PBXFrameworksBuildPhase section */
		3F9B5FA91EE009D700469257 /* Frameworks */ = {
			isa = PBXFrameworksBuildPhase;
			buildActionMask = 2147483647;
			files = (
			);
			runOnlyForDeploymentPostprocessing = 0;
		};
/* End PBXFrameworksBuildPhase section */

/* Begin PBXGroup section */
		3F9B5FA31EE009D700469257 = {
			isa = PBXGroup;
			children = (
				3F9B5FAE1EE009D700469257 /* Seat */,
				3F9B5FAD1EE009D700469257 /* Products */,
			);
			sourceTree = "<group>";
		};
		3F9B5FAD1EE009D700469257 /* Products */ = {
			isa = PBXGroup;
			children = (
				3F9B5FAC1EE009D700469257 /* Seat.app */,
			);
			name = Products;
			sourceTree = "<group>";
		};
		3F9B5FAE1EE009D700469257 /* Seat */ = {
			isa = PBXGroup;
			children = (
				3F9B5FD21EE00B1B00469257 /* Resource */,
				3F9B5FD11EE00B1600469257 /* Lib */,
				3F9B5FC61EE00B0200469257 /* Classes */,
				3F9B5FAF1EE009D700469257 /* Supporting Files */,
			);
			path = Seat;
			sourceTree = "<group>";
		};
		3F9B5FAF1EE009D700469257 /* Supporting Files */ = {
			isa = PBXGroup;
			children = (
				3F9B5FBB1EE009D700469257 /* Assets.xcassets */,
				3F9B5FBD1EE009D700469257 /* LaunchScreen.storyboard */,
				3F9B5FC01EE009D700469257 /* Info.plist */,
				3F9B5FB01EE009D700469257 /* main.m */,
			);
			name = "Supporting Files";
			sourceTree = "<group>";
		};
		3F9B5FC61EE00B0200469257 /* Classes */ = {
			isa = PBXGroup;
			children = (
				3F9B5FC71EE00B0200469257 /* Controller */,
				3F9B5FCC1EE00B0200469257 /* Model */,
				3F9B5FCE1EE00B0200469257 /* View */,
				3F9B5FCD1EE00B0200469257 /* Other */,
			);
			path = Classes;
			sourceTree = "<group>";
		};
		3F9B5FC71EE00B0200469257 /* Controller */ = {
			isa = PBXGroup;
			children = (
				3F9B5FC81EE00B0200469257 /* AppDelegate.h */,
				3F9B5FC91EE00B0200469257 /* AppDelegate.m */,
				3F9B5FCA1EE00B0200469257 /* ViewController.h */,
				3F9B5FCB1EE00B0200469257 /* ViewController.m */,
				3F9B60061EE00D9900469257 /* YCSeatViewController.h */,
				3F9B60071EE00D9900469257 /* YCSeatViewController.m */,
			);
			path = Controller;
			sourceTree = "<group>";
		};
		3F9B5FCC1EE00B0200469257 /* Model */ = {
			isa = PBXGroup;
			children = (
				3F9B60091EE00F4000469257 /* YCSeatModel.h */,
				3F9B600A1EE00F4000469257 /* YCSeatModel.m */,
				3F9B600C1EE00F5B00469257 /* YCSeatsModel.h */,
				3F9B600D1EE00F5B00469257 /* YCSeatsModel.m */,
			);
			path = Model;
			sourceTree = "<group>";
		};
		3F9B5FCD1EE00B0200469257 /* Other */ = {
			isa = PBXGroup;
			children = (
				3F9B600F1EE00FB700469257 /* UIView+Extension.h */,
				3F9B60101EE00FB700469257 /* UIView+Extension.m */,
			);
			path = Other;
			sourceTree = "<group>";
		};
		3F9B5FCE1EE00B0200469257 /* View */ = {
			isa = PBXGroup;
			children = (
				3F9B60121EE0113D00469257 /* YCSeatSelectionView.h */,
				3F9B60131EE0113D00469257 /* YCSeatSelectionView.m */,
				3F9B60181EE1144F00469257 /* YCAppLogoView.h */,
				3F9B60191EE1144F00469257 /* YCAppLogoView.m */,
				3F9B60151EE0116F00469257 /* YCSeatView.h */,
				3F9B60161EE0116F00469257 /* YCSeatView.m */,
				3F9B601B1EE13D4E00469257 /* YCSeatButton.h */,
				3F9B601C1EE13D4E00469257 /* YCSeatButton.m */,
			);
			path = View;
			sourceTree = "<group>";
		};
		3F9B5FD11EE00B1600469257 /* Lib */ = {
			isa = PBXGroup;
			children = (
				3F9B5FFF1EE00B7D00469257 /* MBProgressHUD */,
				3F9B5FDD1EE00B4800469257 /* MJExtension */,
			);
			path = Lib;
			sourceTree = "<group>";
		};
		3F9B5FD21EE00B1B00469257 /* Resource */ = {
			isa = PBXGroup;
			children = (
				3F9B5FD31EE00B2B00469257 /* seats 0.plist */,
				3F9B5FD41EE00B2B00469257 /* seats 1.plist */,
				3F9B5FD51EE00B2B00469257 /* seats 2.plist */,
				3F9B5FD61EE00B2B00469257 /* seats 3.plist */,
				3F9B5FD71EE00B2B00469257 /* seats 4.plist */,
			);
			path = Resource;
			sourceTree = "<group>";
		};
		3F9B5FDD1EE00B4800469257 /* MJExtension */ = {
			isa = PBXGroup;
			children = (
				3F9B5FDE1EE00B4800469257 /* Info.plist */,
				3F9B5FDF1EE00B4800469257 /* MJExtension.h */,
				3F9B5FE01EE00B4800469257 /* MJExtensionConst.h */,
				3F9B5FE11EE00B4800469257 /* MJExtensionConst.m */,
				3F9B5FE21EE00B4800469257 /* MJFoundation.h */,
				3F9B5FE31EE00B4800469257 /* MJFoundation.m */,
				3F9B5FE41EE00B4800469257 /* MJProperty.h */,
				3F9B5FE51EE00B4800469257 /* MJProperty.m */,
				3F9B5FE61EE00B4800469257 /* MJPropertyKey.h */,
				3F9B5FE71EE00B4800469257 /* MJPropertyKey.m */,
				3F9B5FE81EE00B4800469257 /* MJPropertyType.h */,
				3F9B5FE91EE00B4800469257 /* MJPropertyType.m */,
				3F9B5FEA1EE00B4800469257 /* NSObject+MJClass.h */,
				3F9B5FEB1EE00B4800469257 /* NSObject+MJClass.m */,
				3F9B5FEC1EE00B4800469257 /* NSObject+MJCoding.h */,
				3F9B5FED1EE00B4800469257 /* NSObject+MJCoding.m */,
				3F9B5FEE1EE00B4800469257 /* NSObject+MJKeyValue.h */,
				3F9B5FEF1EE00B4800469257 /* NSObject+MJKeyValue.m */,
				3F9B5FF01EE00B4800469257 /* NSObject+MJProperty.h */,
				3F9B5FF11EE00B4800469257 /* NSObject+MJProperty.m */,
				3F9B5FF21EE00B4800469257 /* NSString+MJExtension.h */,
				3F9B5FF31EE00B4800469257 /* NSString+MJExtension.m */,
			);
			path = MJExtension;
			sourceTree = "<group>";
		};
		3F9B5FFF1EE00B7D00469257 /* MBProgressHUD */ = {
			isa = PBXGroup;
			children = (
				3F9B60001EE00B7D00469257 /* MBProgressHUD.h */,
				3F9B60011EE00B7D00469257 /* MBProgressHUD.m */,
			);
			path = MBProgressHUD;
			sourceTree = "<group>";
		};
/* End PBXGroup section */

/* Begin PBXNativeTarget section */
		3F9B5FAB1EE009D700469257 /* Seat */ = {
			isa = PBXNativeTarget;
			buildConfigurationList = 3F9B5FC31EE009D700469257 /* Build configuration list for PBXNativeTarget "Seat" */;
			buildPhases = (
				3F9B5FA81EE009D700469257 /* Sources */,
				3F9B5FA91EE009D700469257 /* Frameworks */,
				3F9B5FAA1EE009D700469257 /* Resources */,
			);
			buildRules = (
			);
			dependencies = (
			);
			name = Seat;
			productName = Seat;
			productReference = 3F9B5FAC1EE009D700469257 /* Seat.app */;
			productType = "com.apple.product-type.application";
		};
/* End PBXNativeTarget section */

/* Begin PBXProject section */
		3F9B5FA41EE009D700469257 /* Project object */ = {
			isa = PBXProject;
			attributes = {
				CLASSPREFIX = YC;
				LastUpgradeCheck = 0830;
				ORGANIZATIONNAME = itclimb.yuancheng.com;
				TargetAttributes = {
					3F9B5FAB1EE009D700469257 = {
						CreatedOnToolsVersion = 8.3.2;
						DevelopmentTeam = 22B4UKXY6S;
						ProvisioningStyle = Automatic;
					};
				};
			};
			buildConfigurationList = 3F9B5FA71EE009D700469257 /* Build configuration list for PBXProject "Seat" */;
			compatibilityVersion = "Xcode 3.2";
			developmentRegion = English;
			hasScannedForEncodings = 0;
			knownRegions = (
				en,
				Base,
			);
			mainGroup = 3F9B5FA31EE009D700469257;
			productRefGroup = 3F9B5FAD1EE009D700469257 /* Products */;
			projectDirPath = "";
			projectRoot = "";
			targets = (
				3F9B5FAB1EE009D700469257 /* Seat */,
			);
		};
/* End PBXProject section */

/* Begin PBXResourcesBuildPhase section */
		3F9B5FAA1EE009D700469257 /* Resources */ = {
			isa = PBXResourcesBuildPhase;
			buildActionMask = 2147483647;
			files = (
				3F9B5FF41EE00B4800469257 /* Info.plist in Resources */,
				3F9B5FDC1EE00B2B00469257 /* seats 4.plist in Resources */,
				3F9B5FDB1EE00B2B00469257 /* seats 3.plist in Resources */,
				3F9B5FD91EE00B2B00469257 /* seats 1.plist in Resources */,
				3F9B5FDA1EE00B2B00469257 /* seats 2.plist in Resources */,
				3F9B5FD81EE00B2B00469257 /* seats 0.plist in Resources */,
				3F9B5FBF1EE009D700469257 /* LaunchScreen.storyboard in Resources */,
				3F9B5FBC1EE009D700469257 /* Assets.xcassets in Resources */,
			);
			runOnlyForDeploymentPostprocessing = 0;
		};
/* End PBXResourcesBuildPhase section */

/* Begin PBXSourcesBuildPhase section */
		3F9B5FA81EE009D700469257 /* Sources */ = {
			isa = PBXSourcesBuildPhase;
			buildActionMask = 2147483647;
			files = (
				3F9B60111EE00FB700469257 /* UIView+Extension.m in Sources */,
				3F9B5FFA1EE00B4800469257 /* NSObject+MJClass.m in Sources */,
				3F9B5FF51EE00B4800469257 /* MJExtensionConst.m in Sources */,
				3F9B600B1EE00F4000469257 /* YCSeatModel.m in Sources */,
				3F9B60081EE00D9900469257 /* YCSeatViewController.m in Sources */,
				3F9B60141EE0113D00469257 /* YCSeatSelectionView.m in Sources */,
				3F9B5FF91EE00B4800469257 /* MJPropertyType.m in Sources */,
				3F9B60171EE0116F00469257 /* YCSeatView.m in Sources */,
				3F9B5FF81EE00B4800469257 /* MJPropertyKey.m in Sources */,
				3F9B5FFC1EE00B4800469257 /* NSObject+MJKeyValue.m in Sources */,
				3F9B5FFB1EE00B4800469257 /* NSObject+MJCoding.m in Sources */,
				3F9B5FFE1EE00B4800469257 /* NSString+MJExtension.m in Sources */,
				3F9B600E1EE00F5B00469257 /* YCSeatsModel.m in Sources */,
				3F9B5FF71EE00B4800469257 /* MJProperty.m in Sources */,
				3F9B5FFD1EE00B4800469257 /* NSObject+MJProperty.m in Sources */,
				3F9B601A1EE1144F00469257 /* YCAppLogoView.m in Sources */,
				3F9B601D1EE13D4E00469257 /* YCSeatButton.m in Sources */,
				3F9B5FD01EE00B0200469257 /* ViewController.m in Sources */,
				3F9B5FCF1EE00B0200469257 /* AppDelegate.m in Sources */,
				3F9B5FF61EE00B4800469257 /* MJFoundation.m in Sources */,
				3F9B5FB11EE009D700469257 /* main.m in Sources */,
				3F9B60021EE00B7D00469257 /* MBProgressHUD.m in Sources */,
			);
			runOnlyForDeploymentPostprocessing = 0;
		};
/* End PBXSourcesBuildPhase section */

/* Begin PBXVariantGroup section */
		3F9B5FBD1EE009D700469257 /* LaunchScreen.storyboard */ = {
			isa = PBXVariantGroup;
			children = (
				3F9B5FBE1EE009D700469257 /* Base */,
			);
			name = LaunchScreen.storyboard;
			sourceTree = "<group>";
		};
/* End PBXVariantGroup section */

/* Begin XCBuildConfiguration section */
		3F9B5FC11EE009D700469257 /* Debug */ = {
			isa = XCBuildConfiguration;
			buildSettings = {
				ALWAYS_SEARCH_USER_PATHS = NO;
				CLANG_ANALYZER_NONNULL = YES;
				CLANG_ANALYZER_NUMBER_OBJECT_CONVERSION = YES_AGGRESSIVE;
				CLANG_CXX_LANGUAGE_STANDARD = "gnu++0x";
				CLANG_CXX_LIBRARY = "libc++";
				CLANG_ENABLE_MODULES = YES;
				CLANG_ENABLE_OBJC_ARC = YES;
				CLANG_WARN_BOOL_CONVERSION = YES;
				CLANG_WARN_CONSTANT_CONVERSION = YES;
				CLANG_WARN_DIRECT_OBJC_ISA_USAGE = YES_ERROR;
				CLANG_WARN_DOCUMENTATION_COMMENTS = YES;
				CLANG_WARN_EMPTY_BODY = YES;
				CLANG_WARN_ENUM_CONVERSION = YES;
				CLANG_WARN_INFINITE_RECURSION = YES;
				CLANG_WARN_INT_CONVERSION = YES;
				CLANG_WARN_OBJC_ROOT_CLASS = YES_ERROR;
				CLANG_WARN_SUSPICIOUS_MOVE = YES;
				CLANG_WARN_UNREACHABLE_CODE = YES;
				CLANG_WARN__DUPLICATE_METHOD_MATCH = YES;
				"CODE_SIGN_IDENTITY[sdk=iphoneos*]" = "iPhone Developer";
				COPY_PHASE_STRIP = NO;
				DEBUG_INFORMATION_FORMAT = dwarf;
				ENABLE_STRICT_OBJC_MSGSEND = YES;
				ENABLE_TESTABILITY = YES;
				GCC_C_LANGUAGE_STANDARD = gnu99;
				GCC_DYNAMIC_NO_PIC = NO;
				GCC_NO_COMMON_BLOCKS = YES;
				GCC_OPTIMIZATION_LEVEL = 0;
				GCC_PREPROCESSOR_DEFINITIONS = (
					"DEBUG=1",
					"$(inherited)",
				);
				GCC_WARN_64_TO_32_BIT_CONVERSION = YES;
				GCC_WARN_ABOUT_RETURN_TYPE = YES_ERROR;
				GCC_WARN_UNDECLARED_SELECTOR = YES;
				GCC_WARN_UNINITIALIZED_AUTOS = YES_AGGRESSIVE;
				GCC_WARN_UNUSED_FUNCTION = YES;
				GCC_WARN_UNUSED_VARIABLE = YES;
				IPHONEOS_DEPLOYMENT_TARGET = 10.3;
				MTL_ENABLE_DEBUG_INFO = YES;
				ONLY_ACTIVE_ARCH = YES;
				SDKROOT = iphoneos;
			};
			name = Debug;
		};
		3F9B5FC21EE009D700469257 /* Release */ = {
			isa = XCBuildConfiguration;
			buildSettings = {
				ALWAYS_SEARCH_USER_PATHS = NO;
				CLANG_ANALYZER_NONNULL = YES;
				CLANG_ANALYZER_NUMBER_OBJECT_CONVERSION = YES_AGGRESSIVE;
				CLANG_CXX_LANGUAGE_STANDARD = "gnu++0x";
				CLANG_CXX_LIBRARY = "libc++";
				CLANG_ENABLE_MODULES = YES;
				CLANG_ENABLE_OBJC_ARC = YES;
				CLANG_WARN_BOOL_CONVERSION = YES;
				CLANG_WARN_CONSTANT_CONVERSION = YES;
				CLANG_WARN_DIRECT_OBJC_ISA_USAGE = YES_ERROR;
				CLANG_WARN_DOCUMENTATION_COMMENTS = YES;
				CLANG_WARN_EMPTY_BODY = YES;
				CLANG_WARN_ENUM_CONVERSION = YES;
				CLANG_WARN_INFINITE_RECURSION = YES;
				CLANG_WARN_INT_CONVERSION = YES;
				CLANG_WARN_OBJC_ROOT_CLASS = YES_ERROR;
				CLANG_WARN_SUSPICIOUS_MOVE = YES;
				CLANG_WARN_UNREACHABLE_CODE = YES;
				CLANG_WARN__DUPLICATE_METHOD_MATCH = YES;
				"CODE_SIGN_IDENTITY[sdk=iphoneos*]" = "iPhone Developer";
				COPY_PHASE_STRIP = NO;
				DEBUG_INFORMATION_FORMAT = "dwarf-with-dsym";
				ENABLE_NS_ASSERTIONS = NO;
				ENABLE_STRICT_OBJC_MSGSEND = YES;
				GCC_C_LANGUAGE_STANDARD = gnu99;
				GCC_NO_COMMON_BLOCKS = YES;
				GCC_WARN_64_TO_32_BIT_CONVERSION = YES;
				GCC_WARN_ABOUT_RETURN_TYPE = YES_ERROR;
				GCC_WARN_UNDECLARED_SELECTOR = YES;
				GCC_WARN_UNINITIALIZED_AUTOS = YES_AGGRESSIVE;
				GCC_WARN_UNUSED_FUNCTION = YES;
				GCC_WARN_UNUSED_VARIABLE = YES;
				IPHONEOS_DEPLOYMENT_TARGET = 10.3;
				MTL_ENABLE_DEBUG_INFO = NO;
				SDKROOT = iphoneos;
				VALIDATE_PRODUCT = YES;
			};
			name = Release;
		};
		3F9B5FC41EE009D700469257 /* Debug */ = {
			isa = XCBuildConfiguration;
			buildSettings = {
				ASSETCATALOG_COMPILER_APPICON_NAME = AppIcon;
				DEVELOPMENT_TEAM = 22B4UKXY6S;
				INFOPLIST_FILE = Seat/Info.plist;
				IPHONEOS_DEPLOYMENT_TARGET = 9.0;
				LD_RUNPATH_SEARCH_PATHS = "$(inherited) @executable_path/Frameworks";
				PRODUCT_BUNDLE_IDENTIFIER = itclimb.yuancheng.com.Seat;
				PRODUCT_NAME = "$(TARGET_NAME)";
			};
			name = Debug;
		};
		3F9B5FC51EE009D700469257 /* Release */ = {
			isa = XCBuildConfiguration;
			buildSettings = {
				ASSETCATALOG_COMPILER_APPICON_NAME = AppIcon;
				DEVELOPMENT_TEAM = 22B4UKXY6S;
				INFOPLIST_FILE = Seat/Info.plist;
				IPHONEOS_DEPLOYMENT_TARGET = 9.0;
				LD_RUNPATH_SEARCH_PATHS = "$(inherited) @executable_path/Frameworks";
				PRODUCT_BUNDLE_IDENTIFIER = itclimb.yuancheng.com.Seat;
				PRODUCT_NAME = "$(TARGET_NAME)";
			};
			name = Release;
		};
/* End XCBuildConfiguration section */

/* Begin XCConfigurationList section */
		3F9B5FA71EE009D700469257 /* Build configuration list for PBXProject "Seat" */ = {
			isa = XCConfigurationList;
			buildConfigurations = (
				3F9B5FC11EE009D700469257 /* Debug */,
				3F9B5FC21EE009D700469257 /* Release */,
			);
			defaultConfigurationIsVisible = 0;
			defaultConfigurationName = Release;
		};
		3F9B5FC31EE009D700469257 /* Build configuration list for PBXNativeTarget "Seat" */ = {
			isa = XCConfigurationList;
			buildConfigurations = (
				3F9B5FC41EE009D700469257 /* Debug */,
				3F9B5FC51EE009D700469257 /* Release */,
			);
			defaultConfigurationIsVisible = 0;
			defaultConfigurationName = Release;
		};
/* End XCConfigurationList section */
	};
	rootObject = 3F9B5FA41EE009D700469257 /* Project object */;
}
